
Microsoft Visual Studio Solution File, Format Version 12.00
# Visual Studio Version 17
VisualStudioVersion = 17.8.34309.116
MinimumVisualStudioVersion = 10.0.40219.1
Project("{9A19103F-16F7-4668-BE54-9A1E7A4F7556}") = "PolyhydraGames.Core.Anagram", "Poly.Core.Anagram\PolyhydraGames.Core.Anagram.csproj", "{71860935-792C-49EE-B25B-7D2E8B65ABB9}"
EndProject
Project("{9A19103F-16F7-4668-BE54-9A1E7A4F7556}") = "PolyhydraGames.Core.Anagram.Test", "Poly.Core.Anagram.Test\PolyhydraGames.Core.Anagram.Test.csproj", "{4FAD5AC3-1800-4DDC-B2C0-048F2C07374F}"
EndProject
Global
	GlobalSection(SolutionConfigurationPlatforms) = preSolution
		Debug|Any CPU = Debug|Any CPU
		Release|Any CPU = Release|Any CPU
	EndGlobalSection
	GlobalSection(ProjectConfigurationPlatforms) = postSolution
		{71860935-792C-49EE-B25B-7D2E8B65ABB9}.Debug|Any CPU.ActiveCfg = Debug|Any CPU
		{71860935-792C-49EE-B25B-7D2E8B65ABB9}.Debug|Any CPU.Build.0 = Debug|Any CPU
		{71860935-792C-49EE-B25B-7D2E8B65ABB9}.Release|Any CPU.ActiveCfg = Release|Any CPU
		{71860935-792C-49EE-B25B-7D2E8B65ABB9}.Release|Any CPU.Build.0 = Release|Any CPU
		{4FAD5AC3-1800-4DDC-B2C0-048F2C07374F}.Debug|Any CPU.ActiveCfg = Debug|Any CPU
		{4FAD5AC3-1800-4DDC-B2C0-048F2C07374F}.Debug|Any CPU.Build.0 = Debug|Any CPU
		{4FAD5AC3-1800-4DDC-B2C0-048F2C07374F}.Release|Any CPU.ActiveCfg = Release|Any CPU
		{4FAD5AC3-1800-4DDC-B2C0-048F2C07374F}.Release|Any CPU.Build.0 = Release|Any CPU
	EndGlobalSection
	GlobalSection(SolutionProperties) = preSolution
		HideSolutionNode = FALSE
	EndGlobalSection
	GlobalSection(ExtensibilityGlobals) = postSolution
		SolutionGuid = {E4D1C13D-1C24-4EE1-BD12-DAD8B487785F}
	EndGlobalSection
EndGlobal
